// !$*UTF8*$!
{
	archiveVersion = 1;
	classes = {
	};
	objectVersion = 56;
	objects = {

/* Begin PBXBuildFile section */
		D63D8C2D29CFF6F900C9DF34 /* AppDelegate.swift in Sources */ = {isa = PBXBuildFile; fileRef = D63D8C2C29CFF6F900C9DF34 /* AppDelegate.swift */; };
		D63D8C2F29CFF6F900C9DF34 /* SceneDelegate.swift in Sources */ = {isa = PBXBuildFile; fileRef = D63D8C2E29CFF6F900C9DF34 /* SceneDelegate.swift */; };
		D63D8C3129CFF6F900C9DF34 /* ViewController.swift in Sources */ = {isa = PBXBuildFile; fileRef = D63D8C3029CFF6F900C9DF34 /* ViewController.swift */; };
		D63D8C3429CFF6F900C9DF34 /* Main.storyboard in Resources */ = {isa = PBXBuildFile; fileRef = D63D8C3229CFF6F900C9DF34 /* Main.storyboard */; };
		D63D8C3629CFF6FA00C9DF34 /* Assets.xcassets in Resources */ = {isa = PBXBuildFile; fileRef = D63D8C3529CFF6FA00C9DF34 /* Assets.xcassets */; };
		D63D8C3929CFF6FA00C9DF34 /* LaunchScreen.storyboard in Resources */ = {isa = PBXBuildFile; fileRef = D63D8C3729CFF6FA00C9DF34 /* LaunchScreen.storyboard */; };
/* End PBXBuildFile section */

/* Begin PBXFileReference section */
		D63D8C2929CFF6F900C9DF34 /* Email Attachment Demo.app */ = {isa = PBXFileReference; explicitFileType = wrapper.application; includeInIndex = 0; path = "Email Attachment Demo.app"; sourceTree = BUILT_PRODUCTS_DIR; };
		D63D8C2C29CFF6F900C9DF34 /* AppDelegate.swift */ = {isa = PBXFileReference; lastKnownFileType = sourcecode.swift; path = AppDelegate.swift; sourceTree = "<group>"; };
		D63D8C2E29CFF6F900C9DF34 /* SceneDelegate.swift */ = {isa = PBXFileReference; lastKnownFileType = sourcecode.swift; path = SceneDelegate.swift; sourceTree = "<group>"; };
		D63D8C3029CFF6F900C9DF34 /* ViewController.swift */ = {isa = PBXFileReference; lastKnownFileType = sourcecode.swift; path = ViewController.swift; sourceTree = "<group>"; };
		D63D8C3329CFF6F900C9DF34 /* Base */ = {isa = PBXFileReference; lastKnownFileType = file.storyboard; name = Base; path = Base.lproj/Main.storyboard; sourceTree = "<group>"; };
		D63D8C3529CFF6FA00C9DF34 /* Assets.xcassets */ = {isa = PBXFileReference; lastKnownFileType = folder.assetcatalog; path = Assets.xcassets; sourceTree = "<group>"; };
		D63D8C3829CFF6FA00C9DF34 /* Base */ = {isa = PBXFileReference; lastKnownFileType = file.storyboard; name = Base; path = Base.lproj/LaunchScreen.storyboard; sourceTree = "<group>"; };
		D63D8C3A29CFF6FA00C9DF34 /* Info.plist */ = {isa = PBXFileReference; lastKnownFileType = text.plist.xml; path = Info.plist; sourceTree = "<group>"; };
/* End PBXFileReference section */

/* Begin PBXFrameworksBuildPhase section */
		D63D8C2629CFF6F900C9DF34 /* Frameworks */ = {
			isa = PBXFrameworksBuildPhase;
			buildActionMask = 2147483647;
			files = (
			);
			runOnlyForDeploymentPostprocessing = 0;
		};
/* End PBXFrameworksBuildPhase section */

/* Begin PBXGroup section */
		D63D8C2029CFF6F900C9DF34 = {
			isa = PBXGroup;
			children = (
				D63D8C2B29CFF6F900C9DF34 /* Email Attachment Demo */,
				D63D8C2A29CFF6F900C9DF34 /* Products */,
			);
			sourceTree = "<group>";
		};
		D63D8C2A29CFF6F900C9DF34 /* Products */ = {
			isa = PBXGroup;
			children = (
				D63D8C2929CFF6F900C9DF34 /* Email Attachment Demo.app */,
			);
			name = Products;
			sourceTree = "<group>";
		};
		D63D8C2B29CFF6F900C9DF34 /* Email Attachment Demo */ = {
			isa = PBXGroup;
			children = (
				D63D8C2C29CFF6F900C9DF34 /* AppDelegate.swift */,
				D63D8C2E29CFF6F900C9DF34 /* SceneDelegate.swift */,
				D63D8C3029CFF6F900C9DF34 /* ViewController.swift */,
				D63D8C3229CFF6F900C9DF34 /* Main.storyboard */,
				D63D8C3529CFF6FA00C9DF34 /* Assets.xcassets */,
				D63D8C3729CFF6FA00C9DF34 /* LaunchScreen.storyboard */,
				D63D8C3A29CFF6FA00C9DF34 /* Info.plist */,
			);
			path = "Email Attachment Demo";
			sourceTree = "<group>";
		};
/* End PBXGroup section */

/* Begin PBXNativeTarget section */
		D63D8C2829CFF6F900C9DF34 /* Email Attachment Demo */ = {
			isa = PBXNativeTarget;
			buildConfigurationList = D63D8C3D29CFF6FA00C9DF34 /* Build configuration list for PBXNativeTarget "Email Attachment Demo" */;
			buildPhases = (
				D63D8C2529CFF6F900C9DF34 /* Sources */,
				D63D8C2629CFF6F900C9DF34 /* Frameworks */,
				D63D8C2729CFF6F900C9DF34 /* Resources */,
			);
			buildRules = (
			);
			dependencies = (
			);
			name = "Email Attachment Demo";
			productName = "Email Attachment Demo";
			productReference = D63D8C2929CFF6F900C9DF34 /* Email Attachment Demo.app */;
			productType = "com.apple.product-type.application";
		};
/* End PBXNativeTarget section */

/* Begin PBXProject section */
		D63D8C2129CFF6F900C9DF34 /* Project object */ = {
			isa = PBXProject;
			attributes = {
				BuildIndependentTargetsInParallel = 1;
				LastSwiftUpdateCheck = 1420;
				LastUpgradeCheck = 1420;
				TargetAttributes = {
					D63D8C2829CFF6F900C9DF34 = {
						CreatedOnToolsVersion = 14.2;
					};
				};
			};
			buildConfigurationList = D63D8C2429CFF6F900C9DF34 /* Build configuration list for PBXProject "Email Attachment Demo" */;
			compatibilityVersion = "Xcode 14.0";
			developmentRegion = en;
			hasScannedForEncodings = 0;
			knownRegions = (
				en,
				Base,
			);
			mainGroup = D63D8C2029CFF6F900C9DF34;
			productRefGroup = D63D8C2A29CFF6F900C9DF34 /* Products */;
			projectDirPath = "";
			projectRoot = "";
			targets = (
				D63D8C2829CFF6F900C9DF34 /* Email Attachment Demo */,
			);
		};
/* End PBXProject section */

/* Begin PBXResourcesBuildPhase section */
		D63D8C2729CFF6F900C9DF34 /* Resources */ = {
			isa = PBXResourcesBuildPhase;
			buildActionMask = 2147483647;
			files = (
				D63D8C3929CFF6FA00C9DF34 /* LaunchScreen.storyboard in Resources */,
				D63D8C3629CFF6FA00C9DF34 /* Assets.xcassets in Resources */,
				D63D8C3429CFF6F900C9DF34 /* Main.storyboard in Resources */,
			);
			runOnlyForDeploymentPostprocessing = 0;
		};
/* End PBXResourcesBuildPhase section */

/* Begin PBXSourcesBuildPhase section */
		D63D8C2529CFF6F900C9DF34 /* Sources */ = {
			isa = PBXSourcesBuildPhase;
			buildActionMask = 2147483647;
			files = (
				D63D8C3129CFF6F900C9DF34 /* ViewController.swift in Sources */,
				D63D8C2D29CFF6F900C9DF34 /* AppDelegate.swift in Sources */,
				D63D8C2F29CFF6F900C9DF34 /* SceneDelegate.swift in Sources */,
			);
			runOnlyForDeploymentPostprocessing = 0;
		};
/* End PBXSourcesBuildPhase section */

/* Begin PBXVariantGroup section */
		D63D8C3229CFF6F900C9DF34 /* Main.storyboard */ = {
			isa = PBXVariantGroup;
			children = (
				D63D8C3329CFF6F900C9DF34 /* Base */,
			);
			name = Main.storyboard;
			sourceTree = "<group>";
		};
		D63D8C3729CFF6FA00C9DF34 /* LaunchScreen.storyboard */ = {
			isa = PBXVariantGroup;
			children = (
				D63D8C3829CFF6FA00C9DF34 /* Base */,
			);
			name = LaunchScreen.storyboard;
			sourceTree = "<group>";
		};
/* End PBXVariantGroup section */

/* Begin XCBuildConfiguration section */
		D63D8C3B29CFF6FA00C9DF34 /* Debug */ = {
			isa = XCBuildConfiguration;
			buildSettings = {
				ALWAYS_SEARCH_USER_PATHS = NO;
				CLANG_ANALYZER_NONNULL = YES;
				CLANG_ANALYZER_NUMBER_OBJECT_CONVERSION = YES_AGGRESSIVE;
				CLANG_CXX_LANGUAGE_STANDARD = "gnu++20";
				CLANG_ENABLE_MODULES = YES;
				CLANG_ENABLE_OBJC_ARC = YES;
				CLANG_ENABLE_OBJC_WEAK = YES;
				CLANG_WARN_BLOCK_CAPTURE_AUTORELEASING = YES;
				CLANG_WARN_BOOL_CONVERSION = YES;
				CLANG_WARN_COMMA = YES;
				CLANG_WARN_CONSTANT_CONVERSION = YES;
				CLANG_WARN_DEPRECATED_OBJC_IMPLEMENTATIONS = YES;
				CLANG_WARN_DIRECT_OBJC_ISA_USAGE = YES_ERROR;
				CLANG_WARN_DOCUMENTATION_COMMENTS = YES;
				CLANG_WARN_EMPTY_BODY = YES;
				CLANG_WARN_ENUM_CONVERSION = YES;
				CLANG_WARN_INFINITE_RECURSION = YES;
				CLANG_WARN_INT_CONVERSION = YES;
				CLANG_WARN_NON_LITERAL_NULL_CONVERSION = YES;
				CLANG_WARN_OBJC_IMPLICIT_RETAIN_SELF = YES;
				CLANG_WARN_OBJC_LITERAL_CONVERSION = YES;
				CLANG_WARN_OBJC_ROOT_CLASS = YES_ERROR;
				CLANG_WARN_QUOTED_INCLUDE_IN_FRAMEWORK_HEADER = YES;
				CLANG_WARN_RANGE_LOOP_ANALYSIS = YES;
				CLANG_WARN_STRICT_PROTOTYPES = YES;
				CLANG_WARN_SUSPICIOUS_MOVE = YES;
				CLANG_WARN_UNGUARDED_AVAILABILITY = YES_AGGRESSIVE;
				CLANG_WARN_UNREACHABLE_CODE = YES;
				CLANG_WARN__DUPLICATE_METHOD_MATCH = YES;
				COPY_PHASE_STRIP = NO;
				DEBUG_INFORMATION_FORMAT = dwarf;
				ENABLE_STRICT_OBJC_MSGSEND = YES;
				ENABLE_TESTABILITY = YES;
				GCC_C_LANGUAGE_STANDARD = gnu11;
				GCC_DYNAMIC_NO_PIC = NO;
				GCC_NO_COMMON_BLOCKS = YES;
				GCC_OPTIMIZATION_LEVEL = 0;
				GCC_PREPROCESSOR_DEFINITIONS = (
					"DEBUG=1",
					"$(inherited)",
				);
				GCC_WARN_64_TO_32_BIT_CONVERSION = YES;
				GCC_WARN_ABOUT_RETURN_TYPE = YES_ERROR;
				GCC_WARN_UNDECLARED_SELECTOR = YES;
				GCC_WARN_UNINITIALIZED_AUTOS = YES_AGGRESSIVE;
				GCC_WARN_UNUSED_FUNCTION = YES;
				GCC_WARN_UNUSED_VARIABLE = YES;
				IPHONEOS_DEPLOYMENT_TARGET = 16.2;
				MTL_ENABLE_DEBUG_INFO = INCLUDE_SOURCE;
				MTL_FAST_MATH = YES;
				ONLY_ACTIVE_ARCH = YES;
				SDKROOT = iphoneos;
				SWIFT_ACTIVE_COMPILATION_CONDITIONS = DEBUG;
				SWIFT_OPTIMIZATION_LEVEL = "-Onone";
			};
			name = Debug;
		};
		D63D8C3C29CFF6FA00C9DF34 /* Release */ = {
			isa = XCBuildConfiguration;
			buildSettings = {
				ALWAYS_SEARCH_USER_PATHS = NO;
				CLANG_ANALYZER_NONNULL = YES;
				CLANG_ANALYZER_NUMBER_OBJECT_CONVERSION = YES_AGGRESSIVE;
				CLANG_CXX_LANGUAGE_STANDARD = "gnu++20";
				CLANG_ENABLE_MODULES = YES;
				CLANG_ENABLE_OBJC_ARC = YES;
				CLANG_ENABLE_OBJC_WEAK = YES;
				CLANG_WARN_BLOCK_CAPTURE_AUTORELEASING = YES;
				CLANG_WARN_BOOL_CONVERSION = YES;
				CLANG_WARN_COMMA = YES;
				CLANG_WARN_CONSTANT_CONVERSION = YES;
				CLANG_WARN_DEPRECATED_OBJC_IMPLEMENTATIONS = YES;
				CLANG_WARN_DIRECT_OBJC_ISA_USAGE = YES_ERROR;
				CLANG_WARN_DOCUMENTATION_COMMENTS = YES;
				CLANG_WARN_EMPTY_BODY = YES;
				CLANG_WARN_ENUM_CONVERSION = YES;
				CLANG_WARN_INFINITE_RECURSION = YES;
				CLANG_WARN_INT_CONVERSION = YES;
				CLANG_WARN_NON_LITERAL_NULL_CONVERSION = YES;
				CLANG_WARN_OBJC_IMPLICIT_RETAIN_SELF = YES;
				CLANG_WARN_OBJC_LITERAL_CONVERSION = YES;
				CLANG_WARN_OBJC_ROOT_CLASS = YES_ERROR;
				CLANG_WARN_QUOTED_INCLUDE_IN_FRAMEWORK_HEADER = YES;
				CLANG_WARN_RANGE_LOOP_ANALYSIS = YES;
				CLANG_WARN_STRICT_PROTOTYPES = YES;
				CLANG_WARN_SUSPICIOUS_MOVE = YES;
				CLANG_WARN_UNGUARDED_AVAILABILITY = YES_AGGRESSIVE;
				CLANG_WARN_UNREACHABLE_CODE = YES;
				CLANG_WARN__DUPLICATE_METHOD_MATCH = YES;
				COPY_PHASE_STRIP = NO;
				DEBUG_INFORMATION_FORMAT = "dwarf-with-dsym";
				ENABLE_NS_ASSERTIONS = NO;
				ENABLE_STRICT_OBJC_MSGSEND = YES;
				GCC_C_LANGUAGE_STANDARD = gnu11;
				GCC_NO_COMMON_BLOCKS = YES;
				GCC_WARN_64_TO_32_BIT_CONVERSION = YES;
				GCC_WARN_ABOUT_RETURN_TYPE = YES_ERROR;
				GCC_WARN_UNDECLARED_SELECTOR = YES;
				GCC_WARN_UNINITIALIZED_AUTOS = YES_AGGRESSIVE;
				GCC_WARN_UNUSED_FUNCTION = YES;
				GCC_WARN_UNUSED_VARIABLE = YES;
				IPHONEOS_DEPLOYMENT_TARGET = 16.2;
				MTL_ENABLE_DEBUG_INFO = NO;
				MTL_FAST_MATH = YES;
				SDKROOT = iphoneos;
				SWIFT_COMPILATION_MODE = wholemodule;
				SWIFT_OPTIMIZATION_LEVEL = "-O";
				VALIDATE_PRODUCT = YES;
			};
			name = Release;
		};
		D63D8C3E29CFF6FA00C9DF34 /* Debug */ = {
			isa = XCBuildConfiguration;
			buildSettings = {
				ASSETCATALOG_COMPILER_APPICON_NAME = AppIcon;
				ASSETCATALOG_COMPILER_GLOBAL_ACCENT_COLOR_NAME = AccentColor;
				CODE_SIGN_STYLE = Automatic;
				CURRENT_PROJECT_VERSION = 1;
				DEVELOPMENT_TEAM = WPG5J57J5Q;
				GENERATE_INFOPLIST_FILE = YES;
				INFOPLIST_FILE = "Email Attachment Demo/Info.plist";
				INFOPLIST_KEY_UIApplicationSupportsIndirectInputEvents = YES;
				INFOPLIST_KEY_UILaunchStoryboardName = LaunchScreen;
				INFOPLIST_KEY_UIMainStoryboardFile = Main;
				INFOPLIST_KEY_UISupportedInterfaceOrientations_iPad = "UIInterfaceOrientationPortrait UIInterfaceOrientationPortraitUpsideDown UIInterfaceOrientationLandscapeLeft UIInterfaceOrientationLandscapeRight";
				INFOPLIST_KEY_UISupportedInterfaceOrientations_iPhone = "UIInterfaceOrientationPortrait UIInterfaceOrientationLandscapeLeft UIInterfaceOrientationLandscapeRight";
				LD_RUNPATH_SEARCH_PATHS = (
					"$(inherited)",
					"@executable_path/Frameworks",
				);
				MARKETING_VERSION = 1.0;
				PRODUCT_BUNDLE_IDENTIFIER = "id.signal.Email-Attachment-Demo";
				PRODUCT_NAME = "$(TARGET_NAME)";
				SWIFT_EMIT_LOC_STRINGS = YES;
				SWIFT_VERSION = 5.0;
				TARGETED_DEVICE_FAMILY = "1,2";
			};
			name = Debug;
		};
		D63D8C3F29CFF6FA00C9DF34 /* Release */ = {
			isa = XCBuildConfiguration;
			buildSettings = {
				ASSETCATALOG_COMPILER_APPICON_NAME = AppIcon;
				ASSETCATALOG_COMPILER_GLOBAL_ACCENT_COLOR_NAME = AccentColor;
				CODE_SIGN_STYLE = Automatic;
				CURRENT_PROJECT_VERSION = 1;
				DEVELOPMENT_TEAM = WPG5J57J5Q;
				GENERATE_INFOPLIST_FILE = YES;
				INFOPLIST_FILE = "Email Attachment Demo/Info.plist";
				INFOPLIST_KEY_UIApplicationSupportsIndirectInputEvents = YES;
				INFOPLIST_KEY_UILaunchStoryboardName = LaunchScreen;
				INFOPLIST_KEY_UIMainStoryboardFile = Main;
				INFOPLIST_KEY_UISupportedInterfaceOrientations_iPad = "UIInterfaceOrientationPortrait UIInterfaceOrientationPortraitUpsideDown UIInterfaceOrientationLandscapeLeft UIInterfaceOrientationLandscapeRight";
				INFOPLIST_KEY_UISupportedInterfaceOrientations_iPhone = "UIInterfaceOrientationPortrait UIInterfaceOrientationLandscapeLeft UIInterfaceOrientationLandscapeRight";
				LD_RUNPATH_SEARCH_PATHS = (
					"$(inherited)",
					"@executable_path/Frameworks",
				);
				MARKETING_VERSION = 1.0;
				PRODUCT_BUNDLE_IDENTIFIER = "id.signal.Email-Attachment-Demo";
				PRODUCT_NAME = "$(TARGET_NAME)";
				SWIFT_EMIT_LOC_STRINGS = YES;
				SWIFT_VERSION = 5.0;
				TARGETED_DEVICE_FAMILY = "1,2";
			};
			name = Release;
		};
/* End XCBuildConfiguration section */

/* Begin XCConfigurationList section */
		D63D8C2429CFF6F900C9DF34 /* Build configuration list for PBXProject "Email Attachment Demo" */ = {
			isa = XCConfigurationList;
			buildConfigurations = (
				D63D8C3B29CFF6FA00C9DF34 /* Debug */,
				D63D8C3C29CFF6FA00C9DF34 /* Release */,
			);
			defaultConfigurationIsVisible = 0;
			defaultConfigurationName = Release;
		};
		D63D8C3D29CFF6FA00C9DF34 /* Build configuration list for PBXNativeTarget "Email Attachment Demo" */ = {
			isa = XCConfigurationList;
			buildConfigurations = (
				D63D8C3E29CFF6FA00C9DF34 /* Debug */,
				D63D8C3F29CFF6FA00C9DF34 /* Release */,
			);
			defaultConfigurationIsVisible = 0;
			defaultConfigurationName = Release;
		};
/* End XCConfigurationList section */
	};
	rootObject = D63D8C2129CFF6F900C9DF34 /* Project object */;
}
